
Microsoft Visual Studio Solution File, Format Version 12.00
# Visual Studio Version 16
VisualStudioVersion = 16.0.29806.167
MinimumVisualStudioVersion = 10.0.40219.1
Project("{FAE04EC0-301F-11D3-BF4B-00C04F79EFBC}") = "CourseManager", "CourseManager\CourseManager.csproj", "{86331748-B5B7-43BD-81FF-57C7CEC5D5C9}"
EndProject
Global
	GlobalSection(SolutionConfigurationPlatforms) = preSolution
		Debug|Any CPU = Debug|Any CPU
		Release|Any CPU = Release|Any CPU
	EndGlobalSection
	GlobalSection(ProjectConfigurationPlatforms) = postSolution
		{86331748-B5B7-43BD-81FF-57C7CEC5D5C9}.Debug|Any CPU.ActiveCfg = Debug|Any CPU
		{86331748-B5B7-43BD-81FF-57C7CEC5D5C9}.Debug|Any CPU.Build.0 = Debug|Any CPU
		{86331748-B5B7-43BD-81FF-57C7CEC5D5C9}.Release|Any CPU.ActiveCfg = Release|Any CPU
		{86331748-B5B7-43BD-81FF-57C7CEC5D5C9}.Release|Any CPU.Build.0 = Release|Any CPU
	EndGlobalSection
	GlobalSection(SolutionProperties) = preSolution
		HideSolutionNode = FALSE
	EndGlobalSection
	GlobalSection(ExtensibilityGlobals) = postSolution
		SolutionGuid = {83BF135D-0692-4859-89EA-802D5955DD3E}
	EndGlobalSection
EndGlobal
